
Microsoft Visual Studio Solution File, Format Version 12.00
# Visual Studio Version 16
VisualStudioVersion = 16.0.30907.101
MinimumVisualStudioVersion = 10.0.40219.1
Project("{9A19103F-16F7-4668-BE54-9A1E7A4F7556}") = "FindRectangle", "FindRectangle.csproj", "{E40C18DC-DBF1-4B3E-9DC2-8593962FA88E}"
EndProject
Global
	GlobalSection(SolutionConfigurationPlatforms) = preSolution
		Debug|Any CPU = Debug|Any CPU
		Release|Any CPU = Release|Any CPU
	EndGlobalSection
	GlobalSection(ProjectConfigurationPlatforms) = postSolution
		{E40C18DC-DBF1-4B3E-9DC2-8593962FA88E}.Debug|Any CPU.ActiveCfg = Debug|Any CPU
		{E40C18DC-DBF1-4B3E-9DC2-8593962FA88E}.Debug|Any CPU.Build.0 = Debug|Any CPU
		{E40C18DC-DBF1-4B3E-9DC2-8593962FA88E}.Release|Any CPU.ActiveCfg = Release|Any CPU
		{E40C18DC-DBF1-4B3E-9DC2-8593962FA88E}.Release|Any CPU.Build.0 = Release|Any CPU
	EndGlobalSection
	GlobalSection(SolutionProperties) = preSolution
		HideSolutionNode = FALSE
	EndGlobalSection
	GlobalSection(ExtensibilityGlobals) = postSolution
		SolutionGuid = {BE5400A0-5953-468A-9634-8B8264690729}
	EndGlobalSection
EndGlobal
